// !$*UTF8*$!
{
	archiveVersion = 1;
	classes = {
	};
	objectVersion = 56;
	objects = {

/* Begin PBXBuildFile section */
		2024C8AE2C39191F005339A7 /* AppDelegate.swift in Sources */ = {isa = PBXBuildFile; fileRef = 2024C8AD2C39191F005339A7 /* AppDelegate.swift */; };
		2024C8B02C39191F005339A7 /* SceneDelegate.swift in Sources */ = {isa = PBXBuildFile; fileRef = 2024C8AF2C39191F005339A7 /* SceneDelegate.swift */; };
		2024C8B22C39191F005339A7 /* TodoListViewController.swift in Sources */ = {isa = PBXBuildFile; fileRef = 2024C8B12C39191F005339A7 /* TodoListViewController.swift */; };
		2024C8B52C39191F005339A7 /* Main.storyboard in Resources */ = {isa = PBXBuildFile; fileRef = 2024C8B32C39191F005339A7 /* Main.storyboard */; };
		2024C8B82C39191F005339A7 /* TodoList.xcdatamodeld in Sources */ = {isa = PBXBuildFile; fileRef = 2024C8B62C39191F005339A7 /* TodoList.xcdatamodeld */; };
		2024C8BA2C391921005339A7 /* Assets.xcassets in Resources */ = {isa = PBXBuildFile; fileRef = 2024C8B92C391921005339A7 /* Assets.xcassets */; };
		2024C8BD2C391921005339A7 /* LaunchScreen.storyboard in Resources */ = {isa = PBXBuildFile; fileRef = 2024C8BB2C391921005339A7 /* LaunchScreen.storyboard */; };
		2024C8C62C391FC5005339A7 /* TodoListTableViewCell.swift in Sources */ = {isa = PBXBuildFile; fileRef = 2024C8C42C391FC5005339A7 /* TodoListTableViewCell.swift */; };
		2024C8C72C391FC5005339A7 /* TodoListTableViewCell.xib in Resources */ = {isa = PBXBuildFile; fileRef = 2024C8C52C391FC5005339A7 /* TodoListTableViewCell.xib */; };
		2024C8C92C3922CA005339A7 /* ListModel.swift in Sources */ = {isa = PBXBuildFile; fileRef = 2024C8C82C3922CA005339A7 /* ListModel.swift */; };
		20C3AEFD2C3983CC003385D5 /* StringExtension.swift in Sources */ = {isa = PBXBuildFile; fileRef = 20C3AEFC2C3983CC003385D5 /* StringExtension.swift */; };
		E7778B8689ED56966FB0CC55 /* Pods_TodoList.framework in Frameworks */ = {isa = PBXBuildFile; fileRef = 6EADBF07A96006878B442AF8 /* Pods_TodoList.framework */; };
/* End PBXBuildFile section */

/* Begin PBXFileReference section */
		2024C8AA2C39191F005339A7 /* TodoList.app */ = {isa = PBXFileReference; explicitFileType = wrapper.application; includeInIndex = 0; path = TodoList.app; sourceTree = BUILT_PRODUCTS_DIR; };
		2024C8AD2C39191F005339A7 /* AppDelegate.swift */ = {isa = PBXFileReference; lastKnownFileType = sourcecode.swift; path = AppDelegate.swift; sourceTree = "<group>"; };
		2024C8AF2C39191F005339A7 /* SceneDelegate.swift */ = {isa = PBXFileReference; lastKnownFileType = sourcecode.swift; path = SceneDelegate.swift; sourceTree = "<group>"; };
		2024C8B12C39191F005339A7 /* TodoListViewController.swift */ = {isa = PBXFileReference; lastKnownFileType = sourcecode.swift; path = TodoListViewController.swift; sourceTree = "<group>"; };
		2024C8B42C39191F005339A7 /* Base */ = {isa = PBXFileReference; lastKnownFileType = file.storyboard; name = Base; path = Base.lproj/Main.storyboard; sourceTree = "<group>"; };
		2024C8B72C39191F005339A7 /* TodoList.xcdatamodel */ = {isa = PBXFileReference; lastKnownFileType = wrapper.xcdatamodel; path = TodoList.xcdatamodel; sourceTree = "<group>"; };
		2024C8B92C391921005339A7 /* Assets.xcassets */ = {isa = PBXFileReference; lastKnownFileType = folder.assetcatalog; path = Assets.xcassets; sourceTree = "<group>"; };
		2024C8BC2C391921005339A7 /* Base */ = {isa = PBXFileReference; lastKnownFileType = file.storyboard; name = Base; path = Base.lproj/LaunchScreen.storyboard; sourceTree = "<group>"; };
		2024C8BE2C391921005339A7 /* Info.plist */ = {isa = PBXFileReference; lastKnownFileType = text.plist.xml; path = Info.plist; sourceTree = "<group>"; };
		2024C8C42C391FC5005339A7 /* TodoListTableViewCell.swift */ = {isa = PBXFileReference; lastKnownFileType = sourcecode.swift; path = TodoListTableViewCell.swift; sourceTree = "<group>"; };
		2024C8C52C391FC5005339A7 /* TodoListTableViewCell.xib */ = {isa = PBXFileReference; lastKnownFileType = file.xib; path = TodoListTableViewCell.xib; sourceTree = "<group>"; };
		2024C8C82C3922CA005339A7 /* ListModel.swift */ = {isa = PBXFileReference; lastKnownFileType = sourcecode.swift; path = ListModel.swift; sourceTree = "<group>"; };
		20C3AEFC2C3983CC003385D5 /* StringExtension.swift */ = {isa = PBXFileReference; lastKnownFileType = sourcecode.swift; path = StringExtension.swift; sourceTree = "<group>"; };
		33206A11B9C2BBCE8193ED33 /* Pods-TodoList.debug.xcconfig */ = {isa = PBXFileReference; includeInIndex = 1; lastKnownFileType = text.xcconfig; name = "Pods-TodoList.debug.xcconfig"; path = "Target Support Files/Pods-TodoList/Pods-TodoList.debug.xcconfig"; sourceTree = "<group>"; };
		6EADBF07A96006878B442AF8 /* Pods_TodoList.framework */ = {isa = PBXFileReference; explicitFileType = wrapper.framework; includeInIndex = 0; path = Pods_TodoList.framework; sourceTree = BUILT_PRODUCTS_DIR; };
		92B2C710CCDCC91CC85FFC14 /* Pods-TodoList.release.xcconfig */ = {isa = PBXFileReference; includeInIndex = 1; lastKnownFileType = text.xcconfig; name = "Pods-TodoList.release.xcconfig"; path = "Target Support Files/Pods-TodoList/Pods-TodoList.release.xcconfig"; sourceTree = "<group>"; };
/* End PBXFileReference section */

/* Begin PBXFrameworksBuildPhase section */
		2024C8A72C39191F005339A7 /* Frameworks */ = {
			isa = PBXFrameworksBuildPhase;
			buildActionMask = 2147483647;
			files = (
				E7778B8689ED56966FB0CC55 /* Pods_TodoList.framework in Frameworks */,
			);
			runOnlyForDeploymentPostprocessing = 0;
		};
/* End PBXFrameworksBuildPhase section */

/* Begin PBXGroup section */
		00E15746466ACB921529B3CE /* Frameworks */ = {
			isa = PBXGroup;
			children = (
				6EADBF07A96006878B442AF8 /* Pods_TodoList.framework */,
			);
			name = Frameworks;
			sourceTree = "<group>";
		};
		2024C8A12C39191F005339A7 = {
			isa = PBXGroup;
			children = (
				2024C8AC2C39191F005339A7 /* TodoList */,
				2024C8AB2C39191F005339A7 /* Products */,
				D63FE7359D5E580BAC6074C7 /* Pods */,
				00E15746466ACB921529B3CE /* Frameworks */,
			);
			sourceTree = "<group>";
		};
		2024C8AB2C39191F005339A7 /* Products */ = {
			isa = PBXGroup;
			children = (
				2024C8AA2C39191F005339A7 /* TodoList.app */,
			);
			name = Products;
			sourceTree = "<group>";
		};
		2024C8AC2C39191F005339A7 /* TodoList */ = {
			isa = PBXGroup;
			children = (
				2024C8AD2C39191F005339A7 /* AppDelegate.swift */,
				2024C8AF2C39191F005339A7 /* SceneDelegate.swift */,
				2024C8B12C39191F005339A7 /* TodoListViewController.swift */,
				2024C8C82C3922CA005339A7 /* ListModel.swift */,
				20C3AEFC2C3983CC003385D5 /* StringExtension.swift */,
				2024C8B32C39191F005339A7 /* Main.storyboard */,
				2024C8B92C391921005339A7 /* Assets.xcassets */,
				2024C8BB2C391921005339A7 /* LaunchScreen.storyboard */,
				2024C8BE2C391921005339A7 /* Info.plist */,
				2024C8B62C39191F005339A7 /* TodoList.xcdatamodeld */,
				2024C8C42C391FC5005339A7 /* TodoListTableViewCell.swift */,
				2024C8C52C391FC5005339A7 /* TodoListTableViewCell.xib */,
			);
			path = TodoList;
			sourceTree = "<group>";
		};
		D63FE7359D5E580BAC6074C7 /* Pods */ = {
			isa = PBXGroup;
			children = (
				33206A11B9C2BBCE8193ED33 /* Pods-TodoList.debug.xcconfig */,
				92B2C710CCDCC91CC85FFC14 /* Pods-TodoList.release.xcconfig */,
			);
			name = Pods;
			path = Pods;
			sourceTree = "<group>";
		};
/* End PBXGroup section */

/* Begin PBXNativeTarget section */
		2024C8A92C39191F005339A7 /* TodoList */ = {
			isa = PBXNativeTarget;
			buildConfigurationList = 2024C8C12C391921005339A7 /* Build configuration list for PBXNativeTarget "TodoList" */;
			buildPhases = (
				598EC744E9EF86D793A647AF /* [CP] Check Pods Manifest.lock */,
				2024C8A62C39191F005339A7 /* Sources */,
				2024C8A72C39191F005339A7 /* Frameworks */,
				2024C8A82C39191F005339A7 /* Resources */,
				4F32DEF64868BCAE1CFF2E07 /* [CP] Embed Pods Frameworks */,
			);
			buildRules = (
			);
			dependencies = (
			);
			name = TodoList;
			productName = TodoList;
			productReference = 2024C8AA2C39191F005339A7 /* TodoList.app */;
			productType = "com.apple.product-type.application";
		};
/* End PBXNativeTarget section */

/* Begin PBXProject section */
		2024C8A22C39191F005339A7 /* Project object */ = {
			isa = PBXProject;
			attributes = {
				BuildIndependentTargetsInParallel = 1;
				LastSwiftUpdateCheck = 1420;
				LastUpgradeCheck = 1420;
				TargetAttributes = {
					2024C8A92C39191F005339A7 = {
						CreatedOnToolsVersion = 14.2;
					};
				};
			};
			buildConfigurationList = 2024C8A52C39191F005339A7 /* Build configuration list for PBXProject "TodoList" */;
			compatibilityVersion = "Xcode 14.0";
			developmentRegion = en;
			hasScannedForEncodings = 0;
			knownRegions = (
				en,
				Base,
			);
			mainGroup = 2024C8A12C39191F005339A7;
			productRefGroup = 2024C8AB2C39191F005339A7 /* Products */;
			projectDirPath = "";
			projectRoot = "";
			targets = (
				2024C8A92C39191F005339A7 /* TodoList */,
			);
		};
/* End PBXProject section */

/* Begin PBXResourcesBuildPhase section */
		2024C8A82C39191F005339A7 /* Resources */ = {
			isa = PBXResourcesBuildPhase;
			buildActionMask = 2147483647;
			files = (
				2024C8BD2C391921005339A7 /* LaunchScreen.storyboard in Resources */,
				2024C8BA2C391921005339A7 /* Assets.xcassets in Resources */,
				2024C8B52C39191F005339A7 /* Main.storyboard in Resources */,
				2024C8C72C391FC5005339A7 /* TodoListTableViewCell.xib in Resources */,
			);
			runOnlyForDeploymentPostprocessing = 0;
		};
/* End PBXResourcesBuildPhase section */

/* Begin PBXShellScriptBuildPhase section */
		4F32DEF64868BCAE1CFF2E07 /* [CP] Embed Pods Frameworks */ = {
			isa = PBXShellScriptBuildPhase;
			buildActionMask = 2147483647;
			files = (
			);
			inputFileListPaths = (
				"${PODS_ROOT}/Target Support Files/Pods-TodoList/Pods-TodoList-frameworks-${CONFIGURATION}-input-files.xcfilelist",
			);
			name = "[CP] Embed Pods Frameworks";
			outputFileListPaths = (
				"${PODS_ROOT}/Target Support Files/Pods-TodoList/Pods-TodoList-frameworks-${CONFIGURATION}-output-files.xcfilelist",
			);
			runOnlyForDeploymentPostprocessing = 0;
			shellPath = /bin/sh;
			shellScript = "\"${PODS_ROOT}/Target Support Files/Pods-TodoList/Pods-TodoList-frameworks.sh\"\n";
			showEnvVarsInLog = 0;
		};
		598EC744E9EF86D793A647AF /* [CP] Check Pods Manifest.lock */ = {
			isa = PBXShellScriptBuildPhase;
			buildActionMask = 2147483647;
			files = (
			);
			inputFileListPaths = (
			);
			inputPaths = (
				"${PODS_PODFILE_DIR_PATH}/Podfile.lock",
				"${PODS_ROOT}/Manifest.lock",
			);
			name = "[CP] Check Pods Manifest.lock";
			outputFileListPaths = (
			);
			outputPaths = (
				"$(DERIVED_FILE_DIR)/Pods-TodoList-checkManifestLockResult.txt",
			);
			runOnlyForDeploymentPostprocessing = 0;
			shellPath = /bin/sh;
			shellScript = "diff \"${PODS_PODFILE_DIR_PATH}/Podfile.lock\" \"${PODS_ROOT}/Manifest.lock\" > /dev/null\nif [ $? != 0 ] ; then\n    # print error to STDERR\n    echo \"error: The sandbox is not in sync with the Podfile.lock. Run 'pod install' or update your CocoaPods installation.\" >&2\n    exit 1\nfi\n# This output is used by Xcode 'outputs' to avoid re-running this script phase.\necho \"SUCCESS\" > \"${SCRIPT_OUTPUT_FILE_0}\"\n";
			showEnvVarsInLog = 0;
		};
/* End PBXShellScriptBuildPhase section */

/* Begin PBXSourcesBuildPhase section */
		2024C8A62C39191F005339A7 /* Sources */ = {
			isa = PBXSourcesBuildPhase;
			buildActionMask = 2147483647;
			files = (
				2024C8B22C39191F005339A7 /* TodoListViewController.swift in Sources */,
				20C3AEFD2C3983CC003385D5 /* StringExtension.swift in Sources */,
				2024C8AE2C39191F005339A7 /* AppDelegate.swift in Sources */,
				2024C8B02C39191F005339A7 /* SceneDelegate.swift in Sources */,
				2024C8C92C3922CA005339A7 /* ListModel.swift in Sources */,
				2024C8C62C391FC5005339A7 /* TodoListTableViewCell.swift in Sources */,
				2024C8B82C39191F005339A7 /* TodoList.xcdatamodeld in Sources */,
			);
			runOnlyForDeploymentPostprocessing = 0;
		};
/* End PBXSourcesBuildPhase section */

/* Begin PBXVariantGroup section */
		2024C8B32C39191F005339A7 /* Main.storyboard */ = {
			isa = PBXVariantGroup;
			children = (
				2024C8B42C39191F005339A7 /* Base */,
			);
			name = Main.storyboard;
			sourceTree = "<group>";
		};
		2024C8BB2C391921005339A7 /* LaunchScreen.storyboard */ = {
			isa = PBXVariantGroup;
			children = (
				2024C8BC2C391921005339A7 /* Base */,
			);
			name = LaunchScreen.storyboard;
			sourceTree = "<group>";
		};
/* End PBXVariantGroup section */

/* Begin XCBuildConfiguration section */
		2024C8BF2C391921005339A7 /* Debug */ = {
			isa = XCBuildConfiguration;
			buildSettings = {
				ALWAYS_SEARCH_USER_PATHS = NO;
				CLANG_ANALYZER_NONNULL = YES;
				CLANG_ANALYZER_NUMBER_OBJECT_CONVERSION = YES_AGGRESSIVE;
				CLANG_CXX_LANGUAGE_STANDARD = "gnu++20";
				CLANG_ENABLE_MODULES = YES;
				CLANG_ENABLE_OBJC_ARC = YES;
				CLANG_ENABLE_OBJC_WEAK = YES;
				CLANG_WARN_BLOCK_CAPTURE_AUTORELEASING = YES;
				CLANG_WARN_BOOL_CONVERSION = YES;
				CLANG_WARN_COMMA = YES;
				CLANG_WARN_CONSTANT_CONVERSION = YES;
				CLANG_WARN_DEPRECATED_OBJC_IMPLEMENTATIONS = YES;
				CLANG_WARN_DIRECT_OBJC_ISA_USAGE = YES_ERROR;
				CLANG_WARN_DOCUMENTATION_COMMENTS = YES;
				CLANG_WARN_EMPTY_BODY = YES;
				CLANG_WARN_ENUM_CONVERSION = YES;
				CLANG_WARN_INFINITE_RECURSION = YES;
				CLANG_WARN_INT_CONVERSION = YES;
				CLANG_WARN_NON_LITERAL_NULL_CONVERSION = YES;
				CLANG_WARN_OBJC_IMPLICIT_RETAIN_SELF = YES;
				CLANG_WARN_OBJC_LITERAL_CONVERSION = YES;
				CLANG_WARN_OBJC_ROOT_CLASS = YES_ERROR;
				CLANG_WARN_QUOTED_INCLUDE_IN_FRAMEWORK_HEADER = YES;
				CLANG_WARN_RANGE_LOOP_ANALYSIS = YES;
				CLANG_WARN_STRICT_PROTOTYPES = YES;
				CLANG_WARN_SUSPICIOUS_MOVE = YES;
				CLANG_WARN_UNGUARDED_AVAILABILITY = YES_AGGRESSIVE;
				CLANG_WARN_UNREACHABLE_CODE = YES;
				CLANG_WARN__DUPLICATE_METHOD_MATCH = YES;
				COPY_PHASE_STRIP = NO;
				DEBUG_INFORMATION_FORMAT = dwarf;
				ENABLE_STRICT_OBJC_MSGSEND = YES;
				ENABLE_TESTABILITY = YES;
				GCC_C_LANGUAGE_STANDARD = gnu11;
				GCC_DYNAMIC_NO_PIC = NO;
				GCC_NO_COMMON_BLOCKS = YES;
				GCC_OPTIMIZATION_LEVEL = 0;
				GCC_PREPROCESSOR_DEFINITIONS = (
					"DEBUG=1",
					"$(inherited)",
				);
				GCC_WARN_64_TO_32_BIT_CONVERSION = YES;
				GCC_WARN_ABOUT_RETURN_TYPE = YES_ERROR;
				GCC_WARN_UNDECLARED_SELECTOR = YES;
				GCC_WARN_UNINITIALIZED_AUTOS = YES_AGGRESSIVE;
				GCC_WARN_UNUSED_FUNCTION = YES;
				GCC_WARN_UNUSED_VARIABLE = YES;
				IPHONEOS_DEPLOYMENT_TARGET = 16.2;
				MTL_ENABLE_DEBUG_INFO = INCLUDE_SOURCE;
				MTL_FAST_MATH = YES;
				ONLY_ACTIVE_ARCH = YES;
				SDKROOT = iphoneos;
				SWIFT_ACTIVE_COMPILATION_CONDITIONS = DEBUG;
				SWIFT_OPTIMIZATION_LEVEL = "-Onone";
			};
			name = Debug;
		};
		2024C8C02C391921005339A7 /* Release */ = {
			isa = XCBuildConfiguration;
			buildSettings = {
				ALWAYS_SEARCH_USER_PATHS = NO;
				CLANG_ANALYZER_NONNULL = YES;
				CLANG_ANALYZER_NUMBER_OBJECT_CONVERSION = YES_AGGRESSIVE;
				CLANG_CXX_LANGUAGE_STANDARD = "gnu++20";
				CLANG_ENABLE_MODULES = YES;
				CLANG_ENABLE_OBJC_ARC = YES;
				CLANG_ENABLE_OBJC_WEAK = YES;
				CLANG_WARN_BLOCK_CAPTURE_AUTORELEASING = YES;
				CLANG_WARN_BOOL_CONVERSION = YES;
				CLANG_WARN_COMMA = YES;
				CLANG_WARN_CONSTANT_CONVERSION = YES;
				CLANG_WARN_DEPRECATED_OBJC_IMPLEMENTATIONS = YES;
				CLANG_WARN_DIRECT_OBJC_ISA_USAGE = YES_ERROR;
				CLANG_WARN_DOCUMENTATION_COMMENTS = YES;
				CLANG_WARN_EMPTY_BODY = YES;
				CLANG_WARN_ENUM_CONVERSION = YES;
				CLANG_WARN_INFINITE_RECURSION = YES;
				CLANG_WARN_INT_CONVERSION = YES;
				CLANG_WARN_NON_LITERAL_NULL_CONVERSION = YES;
				CLANG_WARN_OBJC_IMPLICIT_RETAIN_SELF = YES;
				CLANG_WARN_OBJC_LITERAL_CONVERSION = YES;
				CLANG_WARN_OBJC_ROOT_CLASS = YES_ERROR;
				CLANG_WARN_QUOTED_INCLUDE_IN_FRAMEWORK_HEADER = YES;
				CLANG_WARN_RANGE_LOOP_ANALYSIS = YES;
				CLANG_WARN_STRICT_PROTOTYPES = YES;
				CLANG_WARN_SUSPICIOUS_MOVE = YES;
				CLANG_WARN_UNGUARDED_AVAILABILITY = YES_AGGRESSIVE;
				CLANG_WARN_UNREACHABLE_CODE = YES;
				CLANG_WARN__DUPLICATE_METHOD_MATCH = YES;
				COPY_PHASE_STRIP = NO;
				DEBUG_INFORMATION_FORMAT = "dwarf-with-dsym";
				ENABLE_NS_ASSERTIONS = NO;
				ENABLE_STRICT_OBJC_MSGSEND = YES;
				GCC_C_LANGUAGE_STANDARD = gnu11;
				GCC_NO_COMMON_BLOCKS = YES;
				GCC_WARN_64_TO_32_BIT_CONVERSION = YES;
				GCC_WARN_ABOUT_RETURN_TYPE = YES_ERROR;
				GCC_WARN_UNDECLARED_SELECTOR = YES;
				GCC_WARN_UNINITIALIZED_AUTOS = YES_AGGRESSIVE;
				GCC_WARN_UNUSED_FUNCTION = YES;
				GCC_WARN_UNUSED_VARIABLE = YES;
				IPHONEOS_DEPLOYMENT_TARGET = 16.2;
				MTL_ENABLE_DEBUG_INFO = NO;
				MTL_FAST_MATH = YES;
				SDKROOT = iphoneos;
				SWIFT_COMPILATION_MODE = wholemodule;
				SWIFT_OPTIMIZATION_LEVEL = "-O";
				VALIDATE_PRODUCT = YES;
			};
			name = Release;
		};
		2024C8C22C391921005339A7 /* Debug */ = {
			isa = XCBuildConfiguration;
			baseConfigurationReference = 33206A11B9C2BBCE8193ED33 /* Pods-TodoList.debug.xcconfig */;
			buildSettings = {
				ASSETCATALOG_COMPILER_APPICON_NAME = AppIcon;
				ASSETCATALOG_COMPILER_GLOBAL_ACCENT_COLOR_NAME = AccentColor;
				CODE_SIGN_STYLE = Automatic;
				CURRENT_PROJECT_VERSION = 1;
				DEVELOPMENT_TEAM = 8FQN297TAU;
				GENERATE_INFOPLIST_FILE = YES;
				INFOPLIST_FILE = TodoList/Info.plist;
				INFOPLIST_KEY_UIApplicationSupportsIndirectInputEvents = YES;
				INFOPLIST_KEY_UILaunchStoryboardName = LaunchScreen;
				INFOPLIST_KEY_UIMainStoryboardFile = Main;
				INFOPLIST_KEY_UISupportedInterfaceOrientations_iPad = "UIInterfaceOrientationPortrait UIInterfaceOrientationPortraitUpsideDown UIInterfaceOrientationLandscapeLeft UIInterfaceOrientationLandscapeRight";
				INFOPLIST_KEY_UISupportedInterfaceOrientations_iPhone = "UIInterfaceOrientationPortrait UIInterfaceOrientationLandscapeLeft UIInterfaceOrientationLandscapeRight";
				LD_RUNPATH_SEARCH_PATHS = (
					"$(inherited)",
					"@executable_path/Frameworks",
				);
				MARKETING_VERSION = 1.0;
				PRODUCT_BUNDLE_IDENTIFIER = sudharshan.TodoList;
				PRODUCT_NAME = "$(TARGET_NAME)";
				SWIFT_EMIT_LOC_STRINGS = YES;
				SWIFT_VERSION = 5.0;
				TARGETED_DEVICE_FAMILY = "1,2";
			};
			name = Debug;
		};
		2024C8C32C391921005339A7 /* Release */ = {
			isa = XCBuildConfiguration;
			baseConfigurationReference = 92B2C710CCDCC91CC85FFC14 /* Pods-TodoList.release.xcconfig */;
			buildSettings = {
				ASSETCATALOG_COMPILER_APPICON_NAME = AppIcon;
				ASSETCATALOG_COMPILER_GLOBAL_ACCENT_COLOR_NAME = AccentColor;
				CODE_SIGN_STYLE = Automatic;
				CURRENT_PROJECT_VERSION = 1;
				DEVELOPMENT_TEAM = 8FQN297TAU;
				GENERATE_INFOPLIST_FILE = YES;
				INFOPLIST_FILE = TodoList/Info.plist;
				INFOPLIST_KEY_UIApplicationSupportsIndirectInputEvents = YES;
				INFOPLIST_KEY_UILaunchStoryboardName = LaunchScreen;
				INFOPLIST_KEY_UIMainStoryboardFile = Main;
				INFOPLIST_KEY_UISupportedInterfaceOrientations_iPad = "UIInterfaceOrientationPortrait UIInterfaceOrientationPortraitUpsideDown UIInterfaceOrientationLandscapeLeft UIInterfaceOrientationLandscapeRight";
				INFOPLIST_KEY_UISupportedInterfaceOrientations_iPhone = "UIInterfaceOrientationPortrait UIInterfaceOrientationLandscapeLeft UIInterfaceOrientationLandscapeRight";
				LD_RUNPATH_SEARCH_PATHS = (
					"$(inherited)",
					"@executable_path/Frameworks",
				);
				MARKETING_VERSION = 1.0;
				PRODUCT_BUNDLE_IDENTIFIER = sudharshan.TodoList;
				PRODUCT_NAME = "$(TARGET_NAME)";
				SWIFT_EMIT_LOC_STRINGS = YES;
				SWIFT_VERSION = 5.0;
				TARGETED_DEVICE_FAMILY = "1,2";
			};
			name = Release;
		};
/* End XCBuildConfiguration section */

/* Begin XCConfigurationList section */
		2024C8A52C39191F005339A7 /* Build configuration list for PBXProject "TodoList" */ = {
			isa = XCConfigurationList;
			buildConfigurations = (
				2024C8BF2C391921005339A7 /* Debug */,
				2024C8C02C391921005339A7 /* Release */,
			);
			defaultConfigurationIsVisible = 0;
			defaultConfigurationName = Release;
		};
		2024C8C12C391921005339A7 /* Build configuration list for PBXNativeTarget "TodoList" */ = {
			isa = XCConfigurationList;
			buildConfigurations = (
				2024C8C22C391921005339A7 /* Debug */,
				2024C8C32C391921005339A7 /* Release */,
			);
			defaultConfigurationIsVisible = 0;
			defaultConfigurationName = Release;
		};
/* End XCConfigurationList section */

/* Begin XCVersionGroup section */
		2024C8B62C39191F005339A7 /* TodoList.xcdatamodeld */ = {
			isa = XCVersionGroup;
			children = (
				2024C8B72C39191F005339A7 /* TodoList.xcdatamodel */,
			);
			currentVersion = 2024C8B72C39191F005339A7 /* TodoList.xcdatamodel */;
			path = TodoList.xcdatamodeld;
			sourceTree = "<group>";
			versionGroupType = wrapper.xcdatamodel;
		};
/* End XCVersionGroup section */
	};
	rootObject = 2024C8A22C39191F005339A7 /* Project object */;
}
